
Microsoft Visual Studio Solution File, Format Version 12.00
# Visual Studio Version 17
VisualStudioVersion = 17.8.34330.188
MinimumVisualStudioVersion = 10.0.40219.1
Project("{FAE04EC0-301F-11D3-BF4B-00C04F79EFBC}") = "Sales", "Sales\Sales.csproj", "{B2EA2AE7-7751-42B1-AFEE-2685EEE0AA71}"
EndProject
Global
	GlobalSection(SolutionConfigurationPlatforms) = preSolution
		Debug|Any CPU = Debug|Any CPU
		Release|Any CPU = Release|Any CPU
	EndGlobalSection
	GlobalSection(ProjectConfigurationPlatforms) = postSolution
		{B2EA2AE7-7751-42B1-AFEE-2685EEE0AA71}.Debug|Any CPU.ActiveCfg = Debug|Any CPU
		{B2EA2AE7-7751-42B1-AFEE-2685EEE0AA71}.Debug|Any CPU.Build.0 = Debug|Any CPU
		{B2EA2AE7-7751-42B1-AFEE-2685EEE0AA71}.Release|Any CPU.ActiveCfg = Release|Any CPU
		{B2EA2AE7-7751-42B1-AFEE-2685EEE0AA71}.Release|Any CPU.Build.0 = Release|Any CPU
	EndGlobalSection
	GlobalSection(SolutionProperties) = preSolution
		HideSolutionNode = FALSE
	EndGlobalSection
	GlobalSection(ExtensibilityGlobals) = postSolution
		SolutionGuid = {FFAEAC0B-DA73-4CBF-903A-AB3BFA835314}
	EndGlobalSection
EndGlobal
